
Microsoft Visual Studio Solution File, Format Version 12.00
# Visual Studio Version 16
VisualStudioVersion = 16.0.30011.22
MinimumVisualStudioVersion = 10.0.40219.1
Project("{FAE04EC0-301F-11D3-BF4B-00C04F79EFBC}") = "Arrays", "Arrays\Arrays.csproj", "{6BAD7333-48C3-4B05-9EE3-C2505D8A6FCE}"
EndProject
Global
	GlobalSection(SolutionConfigurationPlatforms) = preSolution
		Debug|Any CPU = Debug|Any CPU
		Release|Any CPU = Release|Any CPU
	EndGlobalSection
	GlobalSection(ProjectConfigurationPlatforms) = postSolution
		{6BAD7333-48C3-4B05-9EE3-C2505D8A6FCE}.Debug|Any CPU.ActiveCfg = Debug|Any CPU
		{6BAD7333-48C3-4B05-9EE3-C2505D8A6FCE}.Debug|Any CPU.Build.0 = Debug|Any CPU
		{6BAD7333-48C3-4B05-9EE3-C2505D8A6FCE}.Release|Any CPU.ActiveCfg = Release|Any CPU
		{6BAD7333-48C3-4B05-9EE3-C2505D8A6FCE}.Release|Any CPU.Build.0 = Release|Any CPU
	EndGlobalSection
	GlobalSection(SolutionProperties) = preSolution
		HideSolutionNode = FALSE
	EndGlobalSection
	GlobalSection(ExtensibilityGlobals) = postSolution
		SolutionGuid = {77E18C57-00E1-4A1D-A09A-B7BC31490BA6}
	EndGlobalSection
EndGlobal
